// !$*UTF8*$!
{
	archiveVersion = 1;
	classes = {
	};
	objectVersion = 46;
	objects = {

/* Begin PBXBuildFile section */
		10299C9E1F60CC6D007CD17F /* AppDelegate.swift in Sources */ = {isa = PBXBuildFile; fileRef = 10299C9D1F60CC6D007CD17F /* AppDelegate.swift */; };
		10299CA51F60CC6D007CD17F /* Assets.xcassets in Resources */ = {isa = PBXBuildFile; fileRef = 10299CA41F60CC6D007CD17F /* Assets.xcassets */; };
		10299CA81F60CC6D007CD17F /* LaunchScreen.storyboard in Resources */ = {isa = PBXBuildFile; fileRef = 10299CA61F60CC6D007CD17F /* LaunchScreen.storyboard */; };
		10299CB31F60CC6D007CD17F /* opShotReviseTests.swift in Sources */ = {isa = PBXBuildFile; fileRef = 10299CB21F60CC6D007CD17F /* opShotReviseTests.swift */; };
		10299CBE1F60CC6D007CD17F /* opShotReviseUITests.swift in Sources */ = {isa = PBXBuildFile; fileRef = 10299CBD1F60CC6D007CD17F /* opShotReviseUITests.swift */; };
		10299CD81F60CEAF007CD17F /* HomeViewController.swift in Sources */ = {isa = PBXBuildFile; fileRef = 10299CD71F60CEAF007CD17F /* HomeViewController.swift */; };
		10299CDB1F60CEF6007CD17F /* HomeCollectionViewCell.swift in Sources */ = {isa = PBXBuildFile; fileRef = 10299CD91F60CEF6007CD17F /* HomeCollectionViewCell.swift */; };
		10299CDC1F60CEF6007CD17F /* HomeCollectionViewCell.xib in Resources */ = {isa = PBXBuildFile; fileRef = 10299CDA1F60CEF6007CD17F /* HomeCollectionViewCell.xib */; };
		10299CDE1F60CF0F007CD17F /* HomeCellViewModel.swift in Sources */ = {isa = PBXBuildFile; fileRef = 10299CDD1F60CF0F007CD17F /* HomeCellViewModel.swift */; };
		10299CE21F60CF37007CD17F /* Shot.swift in Sources */ = {isa = PBXBuildFile; fileRef = 10299CDF1F60CF37007CD17F /* Shot.swift */; };
		10299CE31F60CF37007CD17F /* ShotImage.swift in Sources */ = {isa = PBXBuildFile; fileRef = 10299CE01F60CF37007CD17F /* ShotImage.swift */; };
		10299CE41F60CF37007CD17F /* User.swift in Sources */ = {isa = PBXBuildFile; fileRef = 10299CE11F60CF37007CD17F /* User.swift */; };
		10299CE61F60CFA0007CD17F /* FeedShotsManager.swift in Sources */ = {isa = PBXBuildFile; fileRef = 10299CE51F60CFA0007CD17F /* FeedShotsManager.swift */; };
		10299CE81F60D194007CD17F /* MainTabBarController.swift in Sources */ = {isa = PBXBuildFile; fileRef = 10299CE71F60D194007CD17F /* MainTabBarController.swift */; };
		10299CEA1F60D1C4007CD17F /* MainNavigationController.swift in Sources */ = {isa = PBXBuildFile; fileRef = 10299CE91F60D1C4007CD17F /* MainNavigationController.swift */; };
		10299CEE1F60D671007CD17F /* DataManagerKeys.swift in Sources */ = {isa = PBXBuildFile; fileRef = 10299CED1F60D671007CD17F /* DataManagerKeys.swift */; };
		10299CF01F60D6B7007CD17F /* Common.swift in Sources */ = {isa = PBXBuildFile; fileRef = 10299CEF1F60D6B7007CD17F /* Common.swift */; };
		10299CF61F60D839007CD17F /* TitleMenuViewController.swift in Sources */ = {isa = PBXBuildFile; fileRef = 10299CF51F60D839007CD17F /* TitleMenuViewController.swift */; };
		10299CF81F60D904007CD17F /* TitleView.swift in Sources */ = {isa = PBXBuildFile; fileRef = 10299CF71F60D904007CD17F /* TitleView.swift */; };
		10299CFA1F60DCF8007CD17F /* BouncesContentView.swift in Sources */ = {isa = PBXBuildFile; fileRef = 10299CF91F60DCF8007CD17F /* BouncesContentView.swift */; };
		10299CFC1F60DEC1007CD17F /* UIButton+utilities.swift in Sources */ = {isa = PBXBuildFile; fileRef = 10299CFB1F60DEC1007CD17F /* UIButton+utilities.swift */; };
		10299CFE1F60E118007CD17F /* String+labelSize.swift in Sources */ = {isa = PBXBuildFile; fileRef = 10299CFD1F60E118007CD17F /* String+labelSize.swift */; };
		10299D051F6131D2007CD17F /* NibLoadable.swift in Sources */ = {isa = PBXBuildFile; fileRef = 10299D001F6131D2007CD17F /* NibLoadable.swift */; };
		10299D061F6131D2007CD17F /* NibReusable.swift in Sources */ = {isa = PBXBuildFile; fileRef = 10299D011F6131D2007CD17F /* NibReusable.swift */; };
		10299D071F6131D2007CD17F /* Resuable.swift in Sources */ = {isa = PBXBuildFile; fileRef = 10299D021F6131D2007CD17F /* Resuable.swift */; };
		10299D081F6131D2007CD17F /* UICollectionView+Resuable.swift in Sources */ = {isa = PBXBuildFile; fileRef = 10299D031F6131D2007CD17F /* UICollectionView+Resuable.swift */; };
		10299D091F6131D2007CD17F /* UITableView+Resuable.swift in Sources */ = {isa = PBXBuildFile; fileRef = 10299D041F6131D2007CD17F /* UITableView+Resuable.swift */; };
		10299D0B1F613482007CD17F /* CHTCollectionViewWaterfallLayout.swift in Sources */ = {isa = PBXBuildFile; fileRef = 10299D0A1F613482007CD17F /* CHTCollectionViewWaterfallLayout.swift */; };
		10299D0D1F613D06007CD17F /* UIFont+predefine.swift in Sources */ = {isa = PBXBuildFile; fileRef = 10299D0C1F613D06007CD17F /* UIFont+predefine.swift */; };
		10299EB11F64B5F4007CD17F /* DetailViewController.swift in Sources */ = {isa = PBXBuildFile; fileRef = 10299EB01F64B5F4007CD17F /* DetailViewController.swift */; };
		10299EBA1F64B670007CD17F /* CurrentUserProfileViewController.swift in Sources */ = {isa = PBXBuildFile; fileRef = 10299EB71F64B670007CD17F /* CurrentUserProfileViewController.swift */; };
		10299EBB1F64B670007CD17F /* ProfileViewController.swift in Sources */ = {isa = PBXBuildFile; fileRef = 10299EB81F64B670007CD17F /* ProfileViewController.swift */; };
		10B5A7861F6523E6005DE9E3 /* icon60.png in Resources */ = {isa = PBXBuildFile; fileRef = 10B5A7851F6523E6005DE9E3 /* icon60.png */; };
		7DE6A4C400D453507308D7D7 /* Pods_opShotRevise.framework in Frameworks */ = {isa = PBXBuildFile; fileRef = C7CA38517D6E9DC37DFAC438 /* Pods_opShotRevise.framework */; };
		D516DC451F64C64C0038A926 /* test.swift in Sources */ = {isa = PBXBuildFile; fileRef = D516DC441F64C64C0038A926 /* test.swift */; };
/* End PBXBuildFile section */

/* Begin PBXContainerItemProxy section */
		10299CAF1F60CC6D007CD17F /* PBXContainerItemProxy */ = {
			isa = PBXContainerItemProxy;
			containerPortal = 10299C921F60CC6D007CD17F /* Project object */;
			proxyType = 1;
			remoteGlobalIDString = 10299C991F60CC6D007CD17F;
			remoteInfo = opShotRevise;
		};
		10299CBA1F60CC6D007CD17F /* PBXContainerItemProxy */ = {
			isa = PBXContainerItemProxy;
			containerPortal = 10299C921F60CC6D007CD17F /* Project object */;
			proxyType = 1;
			remoteGlobalIDString = 10299C991F60CC6D007CD17F;
			remoteInfo = opShotRevise;
		};
/* End PBXContainerItemProxy section */

/* Begin PBXFileReference section */
		10299C9A1F60CC6D007CD17F /* opShotRevise.app */ = {isa = PBXFileReference; explicitFileType = wrapper.application; includeInIndex = 0; path = opShotRevise.app; sourceTree = BUILT_PRODUCTS_DIR; };
		10299C9D1F60CC6D007CD17F /* AppDelegate.swift */ = {isa = PBXFileReference; lastKnownFileType = sourcecode.swift; name = AppDelegate.swift; path = ../../AppDelegate.swift; sourceTree = "<group>"; };
		10299CA41F60CC6D007CD17F /* Assets.xcassets */ = {isa = PBXFileReference; lastKnownFileType = folder.assetcatalog; path = Assets.xcassets; sourceTree = "<group>"; };
		10299CA71F60CC6D007CD17F /* Base */ = {isa = PBXFileReference; lastKnownFileType = file.storyboard; name = Base; path = Base.lproj/LaunchScreen.storyboard; sourceTree = "<group>"; };
		10299CA91F60CC6D007CD17F /* Info.plist */ = {isa = PBXFileReference; lastKnownFileType = text.plist.xml; name = Info.plist; path = ../../Info.plist; sourceTree = "<group>"; };
		10299CAE1F60CC6D007CD17F /* opShotReviseTests.xctest */ = {isa = PBXFileReference; explicitFileType = wrapper.cfbundle; includeInIndex = 0; path = opShotReviseTests.xctest; sourceTree = BUILT_PRODUCTS_DIR; };
		10299CB21F60CC6D007CD17F /* opShotReviseTests.swift */ = {isa = PBXFileReference; lastKnownFileType = sourcecode.swift; path = opShotReviseTests.swift; sourceTree = "<group>"; };
		10299CB41F60CC6D007CD17F /* Info.plist */ = {isa = PBXFileReference; lastKnownFileType = text.plist.xml; path = Info.plist; sourceTree = "<group>"; };
		10299CB91F60CC6D007CD17F /* opShotReviseUITests.xctest */ = {isa = PBXFileReference; explicitFileType = wrapper.cfbundle; includeInIndex = 0; path = opShotReviseUITests.xctest; sourceTree = BUILT_PRODUCTS_DIR; };
		10299CBD1F60CC6D007CD17F /* opShotReviseUITests.swift */ = {isa = PBXFileReference; lastKnownFileType = sourcecode.swift; path = opShotReviseUITests.swift; sourceTree = "<group>"; };
		10299CBF1F60CC6D007CD17F /* Info.plist */ = {isa = PBXFileReference; lastKnownFileType = text.plist.xml; path = Info.plist; sourceTree = "<group>"; };
		10299CD71F60CEAF007CD17F /* HomeViewController.swift */ = {isa = PBXFileReference; fileEncoding = 4; lastKnownFileType = sourcecode.swift; path = HomeViewController.swift; sourceTree = "<group>"; };
		10299CD91F60CEF6007CD17F /* HomeCollectionViewCell.swift */ = {isa = PBXFileReference; fileEncoding = 4; lastKnownFileType = sourcecode.swift; path = HomeCollectionViewCell.swift; sourceTree = "<group>"; };
		10299CDA1F60CEF6007CD17F /* HomeCollectionViewCell.xib */ = {isa = PBXFileReference; fileEncoding = 4; lastKnownFileType = file.xib; path = HomeCollectionViewCell.xib; sourceTree = "<group>"; };
		10299CDD1F60CF0F007CD17F /* HomeCellViewModel.swift */ = {isa = PBXFileReference; fileEncoding = 4; lastKnownFileType = sourcecode.swift; path = HomeCellViewModel.swift; sourceTree = "<group>"; };
		10299CDF1F60CF37007CD17F /* Shot.swift */ = {isa = PBXFileReference; fileEncoding = 4; lastKnownFileType = sourcecode.swift; path = Shot.swift; sourceTree = "<group>"; };
		10299CE01F60CF37007CD17F /* ShotImage.swift */ = {isa = PBXFileReference; fileEncoding = 4; lastKnownFileType = sourcecode.swift; path = ShotImage.swift; sourceTree = "<group>"; };
		10299CE11F60CF37007CD17F /* User.swift */ = {isa = PBXFileReference; fileEncoding = 4; lastKnownFileType = sourcecode.swift; path = User.swift; sourceTree = "<group>"; };
		10299CE51F60CFA0007CD17F /* FeedShotsManager.swift */ = {isa = PBXFileReference; fileEncoding = 4; lastKnownFileType = sourcecode.swift; path = FeedShotsManager.swift; sourceTree = "<group>"; };
		10299CE71F60D194007CD17F /* MainTabBarController.swift */ = {isa = PBXFileReference; fileEncoding = 4; lastKnownFileType = sourcecode.swift; path = MainTabBarController.swift; sourceTree = "<group>"; };
		10299CE91F60D1C4007CD17F /* MainNavigationController.swift */ = {isa = PBXFileReference; fileEncoding = 4; lastKnownFileType = sourcecode.swift; path = MainNavigationController.swift; sourceTree = "<group>"; };
		10299CED1F60D671007CD17F /* DataManagerKeys.swift */ = {isa = PBXFileReference; fileEncoding = 4; lastKnownFileType = sourcecode.swift; path = DataManagerKeys.swift; sourceTree = "<group>"; };
		10299CEF1F60D6B7007CD17F /* Common.swift */ = {isa = PBXFileReference; fileEncoding = 4; lastKnownFileType = sourcecode.swift; path = Common.swift; sourceTree = "<group>"; };
		10299CF51F60D839007CD17F /* TitleMenuViewController.swift */ = {isa = PBXFileReference; fileEncoding = 4; lastKnownFileType = sourcecode.swift; path = TitleMenuViewController.swift; sourceTree = "<group>"; };
		10299CF71F60D904007CD17F /* TitleView.swift */ = {isa = PBXFileReference; fileEncoding = 4; lastKnownFileType = sourcecode.swift; path = TitleView.swift; sourceTree = "<group>"; };
		10299CF91F60DCF8007CD17F /* BouncesContentView.swift */ = {isa = PBXFileReference; fileEncoding = 4; lastKnownFileType = sourcecode.swift; path = BouncesContentView.swift; sourceTree = "<group>"; };
		10299CFB1F60DEC1007CD17F /* UIButton+utilities.swift */ = {isa = PBXFileReference; fileEncoding = 4; lastKnownFileType = sourcecode.swift; path = "UIButton+utilities.swift"; sourceTree = "<group>"; };
		10299CFD1F60E118007CD17F /* String+labelSize.swift */ = {isa = PBXFileReference; fileEncoding = 4; lastKnownFileType = sourcecode.swift; path = "String+labelSize.swift"; sourceTree = "<group>"; };
		10299D001F6131D2007CD17F /* NibLoadable.swift */ = {isa = PBXFileReference; fileEncoding = 4; lastKnownFileType = sourcecode.swift; path = NibLoadable.swift; sourceTree = "<group>"; };
		10299D011F6131D2007CD17F /* NibReusable.swift */ = {isa = PBXFileReference; fileEncoding = 4; lastKnownFileType = sourcecode.swift; path = NibReusable.swift; sourceTree = "<group>"; };
		10299D021F6131D2007CD17F /* Resuable.swift */ = {isa = PBXFileReference; fileEncoding = 4; lastKnownFileType = sourcecode.swift; path = Resuable.swift; sourceTree = "<group>"; };
		10299D031F6131D2007CD17F /* UICollectionView+Resuable.swift */ = {isa = PBXFileReference; fileEncoding = 4; lastKnownFileType = sourcecode.swift; path = "UICollectionView+Resuable.swift"; sourceTree = "<group>"; };
		10299D041F6131D2007CD17F /* UITableView+Resuable.swift */ = {isa = PBXFileReference; fileEncoding = 4; lastKnownFileType = sourcecode.swift; path = "UITableView+Resuable.swift"; sourceTree = "<group>"; };
		10299D0A1F613482007CD17F /* CHTCollectionViewWaterfallLayout.swift */ = {isa = PBXFileReference; fileEncoding = 4; lastKnownFileType = sourcecode.swift; path = CHTCollectionViewWaterfallLayout.swift; sourceTree = "<group>"; };
		10299D0C1F613D06007CD17F /* UIFont+predefine.swift */ = {isa = PBXFileReference; fileEncoding = 4; lastKnownFileType = sourcecode.swift; path = "UIFont+predefine.swift"; sourceTree = "<group>"; };
		10299EB01F64B5F4007CD17F /* DetailViewController.swift */ = {isa = PBXFileReference; fileEncoding = 4; lastKnownFileType = sourcecode.swift; path = DetailViewController.swift; sourceTree = "<group>"; };
		10299EB71F64B670007CD17F /* CurrentUserProfileViewController.swift */ = {isa = PBXFileReference; fileEncoding = 4; lastKnownFileType = sourcecode.swift; path = CurrentUserProfileViewController.swift; sourceTree = "<group>"; };
		10299EB81F64B670007CD17F /* ProfileViewController.swift */ = {isa = PBXFileReference; fileEncoding = 4; lastKnownFileType = sourcecode.swift; path = ProfileViewController.swift; sourceTree = "<group>"; };
		10B5A7851F6523E6005DE9E3 /* icon60.png */ = {isa = PBXFileReference; lastKnownFileType = image.png; path = icon60.png; sourceTree = "<group>"; };
		37A254E15086D6EE3342D61A /* Pods-opShotRevise.debug.xcconfig */ = {isa = PBXFileReference; includeInIndex = 1; lastKnownFileType = text.xcconfig; name = "Pods-opShotRevise.debug.xcconfig"; path = "Pods/Target Support Files/Pods-opShotRevise/Pods-opShotRevise.debug.xcconfig"; sourceTree = "<group>"; };
		95923C7B54D8440CC6A7151E /* Pods-opShotRevise.release.xcconfig */ = {isa = PBXFileReference; includeInIndex = 1; lastKnownFileType = text.xcconfig; name = "Pods-opShotRevise.release.xcconfig"; path = "Pods/Target Support Files/Pods-opShotRevise/Pods-opShotRevise.release.xcconfig"; sourceTree = "<group>"; };
		C7CA38517D6E9DC37DFAC438 /* Pods_opShotRevise.framework */ = {isa = PBXFileReference; explicitFileType = wrapper.framework; includeInIndex = 0; path = Pods_opShotRevise.framework; sourceTree = BUILT_PRODUCTS_DIR; };
		D516DC441F64C64C0038A926 /* test.swift */ = {isa = PBXFileReference; fileEncoding = 4; lastKnownFileType = sourcecode.swift; path = test.swift; sourceTree = "<group>"; };
/* End PBXFileReference section */

/* Begin PBXFrameworksBuildPhase section */
		10299C971F60CC6D007CD17F /* Frameworks */ = {
			isa = PBXFrameworksBuildPhase;
			buildActionMask = 2147483647;
			files = (
				7DE6A4C400D453507308D7D7 /* Pods_opShotRevise.framework in Frameworks */,
			);
			runOnlyForDeploymentPostprocessing = 0;
		};
		10299CAB1F60CC6D007CD17F /* Frameworks */ = {
			isa = PBXFrameworksBuildPhase;
			buildActionMask = 2147483647;
			files = (
			);
			runOnlyForDeploymentPostprocessing = 0;
		};
		10299CB61F60CC6D007CD17F /* Frameworks */ = {
			isa = PBXFrameworksBuildPhase;
			buildActionMask = 2147483647;
			files = (
			);
			runOnlyForDeploymentPostprocessing = 0;
		};
/* End PBXFrameworksBuildPhase section */

/* Begin PBXGroup section */
		10299C911F60CC6D007CD17F = {
			isa = PBXGroup;
			children = (
				10299C9C1F60CC6D007CD17F /* opShotRevise */,
				10299CB11F60CC6D007CD17F /* opShotReviseTests */,
				10299CBC1F60CC6D007CD17F /* opShotReviseUITests */,
				10299C9B1F60CC6D007CD17F /* Products */,
				31D4997E12B1ED81DDDFCD76 /* Pods */,
				5FCCD9381EC47FFBF2B1CEF7 /* Frameworks */,
			);
			sourceTree = "<group>";
		};
		10299C9B1F60CC6D007CD17F /* Products */ = {
			isa = PBXGroup;
			children = (
				10299C9A1F60CC6D007CD17F /* opShotRevise.app */,
				10299CAE1F60CC6D007CD17F /* opShotReviseTests.xctest */,
				10299CB91F60CC6D007CD17F /* opShotReviseUITests.xctest */,
			);
			name = Products;
			sourceTree = "<group>";
		};
		10299C9C1F60CC6D007CD17F /* opShotRevise */ = {
			isa = PBXGroup;
			children = (
				10B5A7841F6523CE005DE9E3 /* Texture */,
				10299CCB1F60CE78007CD17F /* Classes */,
				10299CA41F60CC6D007CD17F /* Assets.xcassets */,
			);
			path = opShotRevise;
			sourceTree = "<group>";
		};
		10299CB11F60CC6D007CD17F /* opShotReviseTests */ = {
			isa = PBXGroup;
			children = (
				10299CB21F60CC6D007CD17F /* opShotReviseTests.swift */,
				10299CB41F60CC6D007CD17F /* Info.plist */,
			);
			path = opShotReviseTests;
			sourceTree = "<group>";
		};
		10299CBC1F60CC6D007CD17F /* opShotReviseUITests */ = {
			isa = PBXGroup;
			children = (
				10299CBD1F60CC6D007CD17F /* opShotReviseUITests.swift */,
				10299CBF1F60CC6D007CD17F /* Info.plist */,
			);
			path = opShotReviseUITests;
			sourceTree = "<group>";
		};
		10299CCB1F60CE78007CD17F /* Classes */ = {
			isa = PBXGroup;
			children = (
				10299CCC1F60CE78007CD17F /* Auth */,
				10299CCD1F60CE78007CD17F /* Basic */,
				10299CCE1F60CE78007CD17F /* DataManager */,
				10299CCF1F60CE78007CD17F /* Extension */,
				10299CD01F60CE78007CD17F /* Home */,
				10299CD41F60CE78007CD17F /* Models */,
				10299CD51F60CE78007CD17F /* Network */,
				10299CD61F60CE78007CD17F /* UIConponents */,
				10299EB41F64B670007CD17F /* UserProfile */,
				10299D121F61F494007CD17F /* Detail */,
			);
			path = Classes;
			sourceTree = "<group>";
		};
		10299CCC1F60CE78007CD17F /* Auth */ = {
			isa = PBXGroup;
			children = (
			);
			path = Auth;
			sourceTree = "<group>";
		};
		10299CCD1F60CE78007CD17F /* Basic */ = {
			isa = PBXGroup;
			children = (
				10299C9D1F60CC6D007CD17F /* AppDelegate.swift */,
				10299CA61F60CC6D007CD17F /* LaunchScreen.storyboard */,
				10299CA91F60CC6D007CD17F /* Info.plist */,
				10299CE71F60D194007CD17F /* MainTabBarController.swift */,
				10299CE91F60D1C4007CD17F /* MainNavigationController.swift */,
				10299CEF1F60D6B7007CD17F /* Common.swift */,
				10299CF91F60DCF8007CD17F /* BouncesContentView.swift */,
			);
			path = Basic;
			sourceTree = "<group>";
		};
		10299CCE1F60CE78007CD17F /* DataManager */ = {
			isa = PBXGroup;
			children = (
				10299CED1F60D671007CD17F /* DataManagerKeys.swift */,
				10299CE51F60CFA0007CD17F /* FeedShotsManager.swift */,
			);
			path = DataManager;
			sourceTree = "<group>";
		};
		10299CCF1F60CE78007CD17F /* Extension */ = {
			isa = PBXGroup;
			children = (
			);
			path = Extension;
			sourceTree = "<group>";
		};
		10299CD01F60CE78007CD17F /* Home */ = {
			isa = PBXGroup;
			children = (
				10299CD11F60CE78007CD17F /* Controller */,
				10299CD21F60CE78007CD17F /* View */,
				10299CD31F60CE78007CD17F /* ViewModel */,
			);
			path = Home;
			sourceTree = "<group>";
		};
		10299CD11F60CE78007CD17F /* Controller */ = {
			isa = PBXGroup;
			children = (
				10299CD71F60CEAF007CD17F /* HomeViewController.swift */,
			);
			path = Controller;
			sourceTree = "<group>";
		};
		10299CD21F60CE78007CD17F /* View */ = {
			isa = PBXGroup;
			children = (
				D516DC441F64C64C0038A926 /* test.swift */,
				10299D0A1F613482007CD17F /* CHTCollectionViewWaterfallLayout.swift */,
				10299CD91F60CEF6007CD17F /* HomeCollectionViewCell.swift */,
				10299CDA1F60CEF6007CD17F /* HomeCollectionViewCell.xib */,
			);
			path = View;
			sourceTree = "<group>";
		};
		10299CD31F60CE78007CD17F /* ViewModel */ = {
			isa = PBXGroup;
			children = (
				10299CDD1F60CF0F007CD17F /* HomeCellViewModel.swift */,
			);
			path = ViewModel;
			sourceTree = "<group>";
		};
		10299CD41F60CE78007CD17F /* Models */ = {
			isa = PBXGroup;
			children = (
				10299CDF1F60CF37007CD17F /* Shot.swift */,
				10299CE01F60CF37007CD17F /* ShotImage.swift */,
				10299CE11F60CF37007CD17F /* User.swift */,
			);
			path = Models;
			sourceTree = "<group>";
		};
		10299CD51F60CE78007CD17F /* Network */ = {
			isa = PBXGroup;
			children = (
			);
			path = Network;
			sourceTree = "<group>";
		};
		10299CD61F60CE78007CD17F /* UIConponents */ = {
			isa = PBXGroup;
			children = (
				10299CFF1F6131D2007CD17F /* ViewLoader */,
				10299CF41F60D839007CD17F /* TitleMenu */,
				10299CFB1F60DEC1007CD17F /* UIButton+utilities.swift */,
				10299CFD1F60E118007CD17F /* String+labelSize.swift */,
				10299D0C1F613D06007CD17F /* UIFont+predefine.swift */,
			);
			path = UIConponents;
			sourceTree = "<group>";
		};
		10299CF41F60D839007CD17F /* TitleMenu */ = {
			isa = PBXGroup;
			children = (
				10299CF51F60D839007CD17F /* TitleMenuViewController.swift */,
				10299CF71F60D904007CD17F /* TitleView.swift */,
			);
			path = TitleMenu;
			sourceTree = "<group>";
		};
		10299CFF1F6131D2007CD17F /* ViewLoader */ = {
			isa = PBXGroup;
			children = (
				10299D001F6131D2007CD17F /* NibLoadable.swift */,
				10299D011F6131D2007CD17F /* NibReusable.swift */,
				10299D021F6131D2007CD17F /* Resuable.swift */,
				10299D031F6131D2007CD17F /* UICollectionView+Resuable.swift */,
				10299D041F6131D2007CD17F /* UITableView+Resuable.swift */,
			);
			path = ViewLoader;
			sourceTree = "<group>";
		};
		10299D121F61F494007CD17F /* Detail */ = {
			isa = PBXGroup;
			children = (
				10299D131F61F494007CD17F /* View */,
				10299D141F61F494007CD17F /* ViewController */,
				10299D151F61F494007CD17F /* ViewModel */,
			);
			path = Detail;
			sourceTree = "<group>";
		};
		10299D131F61F494007CD17F /* View */ = {
			isa = PBXGroup;
			children = (
			);
			path = View;
			sourceTree = "<group>";
		};
		10299D141F61F494007CD17F /* ViewController */ = {
			isa = PBXGroup;
			children = (
				10299EB01F64B5F4007CD17F /* DetailViewController.swift */,
			);
			path = ViewController;
			sourceTree = "<group>";
		};
		10299D151F61F494007CD17F /* ViewModel */ = {
			isa = PBXGroup;
			children = (
			);
			path = ViewModel;
			sourceTree = "<group>";
		};
		10299EB41F64B670007CD17F /* UserProfile */ = {
			isa = PBXGroup;
			children = (
				10299EB51F64B670007CD17F /* View */,
				10299EB61F64B670007CD17F /* ViewController */,
				10299EB91F64B670007CD17F /* ViewModel */,
			);
			path = UserProfile;
			sourceTree = "<group>";
		};
		10299EB51F64B670007CD17F /* View */ = {
			isa = PBXGroup;
			children = (
			);
			path = View;
			sourceTree = "<group>";
		};
		10299EB61F64B670007CD17F /* ViewController */ = {
			isa = PBXGroup;
			children = (
				10299EB71F64B670007CD17F /* CurrentUserProfileViewController.swift */,
				10299EB81F64B670007CD17F /* ProfileViewController.swift */,
			);
			path = ViewController;
			sourceTree = "<group>";
		};
		10299EB91F64B670007CD17F /* ViewModel */ = {
			isa = PBXGroup;
			children = (
			);
			path = ViewModel;
			sourceTree = "<group>";
		};
		10B5A7841F6523CE005DE9E3 /* Texture */ = {
			isa = PBXGroup;
			children = (
				10B5A7851F6523E6005DE9E3 /* icon60.png */,
			);
			path = Texture;
			sourceTree = "<group>";
		};
		31D4997E12B1ED81DDDFCD76 /* Pods */ = {
			isa = PBXGroup;
			children = (
				37A254E15086D6EE3342D61A /* Pods-opShotRevise.debug.xcconfig */,
				95923C7B54D8440CC6A7151E /* Pods-opShotRevise.release.xcconfig */,
			);
			name = Pods;
			sourceTree = "<group>";
		};
		5FCCD9381EC47FFBF2B1CEF7 /* Frameworks */ = {
			isa = PBXGroup;
			children = (
				C7CA38517D6E9DC37DFAC438 /* Pods_opShotRevise.framework */,
			);
			name = Frameworks;
			sourceTree = "<group>";
		};
/* End PBXGroup section */

/* Begin PBXNativeTarget section */
		10299C991F60CC6D007CD17F /* opShotRevise */ = {
			isa = PBXNativeTarget;
			buildConfigurationList = 10299CC21F60CC6D007CD17F /* Build configuration list for PBXNativeTarget "opShotRevise" */;
			buildPhases = (
				4900B3B01E29C26F122FAD90 /* [CP] Check Pods Manifest.lock */,
				10299C961F60CC6D007CD17F /* Sources */,
				10299C971F60CC6D007CD17F /* Frameworks */,
				10299C981F60CC6D007CD17F /* Resources */,
				5B342D35977AD396CCAEB889 /* [CP] Embed Pods Frameworks */,
				2CE5BF5FBB5FEA1AEA679EEE /* [CP] Copy Pods Resources */,
			);
			buildRules = (
			);
			dependencies = (
			);
			name = opShotRevise;
			productName = opShotRevise;
			productReference = 10299C9A1F60CC6D007CD17F /* opShotRevise.app */;
			productType = "com.apple.product-type.application";
		};
		10299CAD1F60CC6D007CD17F /* opShotReviseTests */ = {
			isa = PBXNativeTarget;
			buildConfigurationList = 10299CC51F60CC6D007CD17F /* Build configuration list for PBXNativeTarget "opShotReviseTests" */;
			buildPhases = (
				10299CAA1F60CC6D007CD17F /* Sources */,
				10299CAB1F60CC6D007CD17F /* Frameworks */,
				10299CAC1F60CC6D007CD17F /* Resources */,
			);
			buildRules = (
			);
			dependencies = (
				10299CB01F60CC6D007CD17F /* PBXTargetDependency */,
			);
			name = opShotReviseTests;
			productName = opShotReviseTests;
			productReference = 10299CAE1F60CC6D007CD17F /* opShotReviseTests.xctest */;
			productType = "com.apple.product-type.bundle.unit-test";
		};
		10299CB81F60CC6D007CD17F /* opShotReviseUITests */ = {
			isa = PBXNativeTarget;
			buildConfigurationList = 10299CC81F60CC6D007CD17F /* Build configuration list for PBXNativeTarget "opShotReviseUITests" */;
			buildPhases = (
				10299CB51F60CC6D007CD17F /* Sources */,
				10299CB61F60CC6D007CD17F /* Frameworks */,
				10299CB71F60CC6D007CD17F /* Resources */,
			);
			buildRules = (
			);
			dependencies = (
				10299CBB1F60CC6D007CD17F /* PBXTargetDependency */,
			);
			name = opShotReviseUITests;
			productName = opShotReviseUITests;
			productReference = 10299CB91F60CC6D007CD17F /* opShotReviseUITests.xctest */;
			productType = "com.apple.product-type.bundle.ui-testing";
		};
/* End PBXNativeTarget section */

/* Begin PBXProject section */
		10299C921F60CC6D007CD17F /* Project object */ = {
			isa = PBXProject;
			attributes = {
				LastSwiftUpdateCheck = 0830;
				LastUpgradeCheck = 0830;
				ORGANIZATIONNAME = PSL;
				TargetAttributes = {
					10299C991F60CC6D007CD17F = {
						CreatedOnToolsVersion = 8.3.3;
						DevelopmentTeam = UE4HZRGDJ7;
						ProvisioningStyle = Automatic;
					};
					10299CAD1F60CC6D007CD17F = {
						CreatedOnToolsVersion = 8.3.3;
						DevelopmentTeam = UE4HZRGDJ7;
						ProvisioningStyle = Automatic;
						TestTargetID = 10299C991F60CC6D007CD17F;
					};
					10299CB81F60CC6D007CD17F = {
						CreatedOnToolsVersion = 8.3.3;
						DevelopmentTeam = UE4HZRGDJ7;
						ProvisioningStyle = Automatic;
						TestTargetID = 10299C991F60CC6D007CD17F;
					};
				};
			};
			buildConfigurationList = 10299C951F60CC6D007CD17F /* Build configuration list for PBXProject "opShotRevise" */;
			compatibilityVersion = "Xcode 3.2";
			developmentRegion = English;
			hasScannedForEncodings = 0;
			knownRegions = (
				en,
				Base,
			);
			mainGroup = 10299C911F60CC6D007CD17F;
			productRefGroup = 10299C9B1F60CC6D007CD17F /* Products */;
			projectDirPath = "";
			projectRoot = "";
			targets = (
				10299C991F60CC6D007CD17F /* opShotRevise */,
				10299CAD1F60CC6D007CD17F /* opShotReviseTests */,
				10299CB81F60CC6D007CD17F /* opShotReviseUITests */,
			);
		};
/* End PBXProject section */

/* Begin PBXResourcesBuildPhase section */
		10299C981F60CC6D007CD17F /* Resources */ = {
			isa = PBXResourcesBuildPhase;
			buildActionMask = 2147483647;
			files = (
				10B5A7861F6523E6005DE9E3 /* icon60.png in Resources */,
				10299CA81F60CC6D007CD17F /* LaunchScreen.storyboard in Resources */,
				10299CA51F60CC6D007CD17F /* Assets.xcassets in Resources */,
				10299CDC1F60CEF6007CD17F /* HomeCollectionViewCell.xib in Resources */,
			);
			runOnlyForDeploymentPostprocessing = 0;
		};
		10299CAC1F60CC6D007CD17F /* Resources */ = {
			isa = PBXResourcesBuildPhase;
			buildActionMask = 2147483647;
			files = (
			);
			runOnlyForDeploymentPostprocessing = 0;
		};
		10299CB71F60CC6D007CD17F /* Resources */ = {
			isa = PBXResourcesBuildPhase;
			buildActionMask = 2147483647;
			files = (
			);
			runOnlyForDeploymentPostprocessing = 0;
		};
/* End PBXResourcesBuildPhase section */

/* Begin PBXShellScriptBuildPhase section */
		2CE5BF5FBB5FEA1AEA679EEE /* [CP] Copy Pods Resources */ = {
			isa = PBXShellScriptBuildPhase;
			buildActionMask = 2147483647;
			files = (
			);
			inputPaths = (
			);
			name = "[CP] Copy Pods Resources";
			outputPaths = (
			);
			runOnlyForDeploymentPostprocessing = 0;
			shellPath = /bin/sh;
			shellScript = "\"${SRCROOT}/Pods/Target Support Files/Pods-opShotRevise/Pods-opShotRevise-resources.sh\"\n";
			showEnvVarsInLog = 0;
		};
		4900B3B01E29C26F122FAD90 /* [CP] Check Pods Manifest.lock */ = {
			isa = PBXShellScriptBuildPhase;
			buildActionMask = 2147483647;
			files = (
			);
			inputPaths = (
			);
			name = "[CP] Check Pods Manifest.lock";
			outputPaths = (
			);
			runOnlyForDeploymentPostprocessing = 0;
			shellPath = /bin/sh;
			shellScript = "diff \"${PODS_ROOT}/../Podfile.lock\" \"${PODS_ROOT}/Manifest.lock\" > /dev/null\nif [ $? != 0 ] ; then\n    # print error to STDERR\n    echo \"error: The sandbox is not in sync with the Podfile.lock. Run 'pod install' or update your CocoaPods installation.\" >&2\n    exit 1\nfi\n";
			showEnvVarsInLog = 0;
		};
		5B342D35977AD396CCAEB889 /* [CP] Embed Pods Frameworks */ = {
			isa = PBXShellScriptBuildPhase;
			buildActionMask = 2147483647;
			files = (
			);
			inputPaths = (
			);
			name = "[CP] Embed Pods Frameworks";
			outputPaths = (
			);
			runOnlyForDeploymentPostprocessing = 0;
			shellPath = /bin/sh;
			shellScript = "\"${SRCROOT}/Pods/Target Support Files/Pods-opShotRevise/Pods-opShotRevise-frameworks.sh\"\n";
			showEnvVarsInLog = 0;
		};
/* End PBXShellScriptBuildPhase section */

/* Begin PBXSourcesBuildPhase section */
		10299C961F60CC6D007CD17F /* Sources */ = {
			isa = PBXSourcesBuildPhase;
			buildActionMask = 2147483647;
			files = (
				10299D071F6131D2007CD17F /* Resuable.swift in Sources */,
				10299CEA1F60D1C4007CD17F /* MainNavigationController.swift in Sources */,
				10299C9E1F60CC6D007CD17F /* AppDelegate.swift in Sources */,
				10299CFA1F60DCF8007CD17F /* BouncesContentView.swift in Sources */,
				10299D051F6131D2007CD17F /* NibLoadable.swift in Sources */,
				10299CE61F60CFA0007CD17F /* FeedShotsManager.swift in Sources */,
				10299EBB1F64B670007CD17F /* ProfileViewController.swift in Sources */,
				10299CFC1F60DEC1007CD17F /* UIButton+utilities.swift in Sources */,
				10299CF81F60D904007CD17F /* TitleView.swift in Sources */,
				10299CE81F60D194007CD17F /* MainTabBarController.swift in Sources */,
				10299D061F6131D2007CD17F /* NibReusable.swift in Sources */,
				10299CF01F60D6B7007CD17F /* Common.swift in Sources */,
				10299EBA1F64B670007CD17F /* CurrentUserProfileViewController.swift in Sources */,
				D516DC451F64C64C0038A926 /* test.swift in Sources */,
				10299CE31F60CF37007CD17F /* ShotImage.swift in Sources */,
				10299CD81F60CEAF007CD17F /* HomeViewController.swift in Sources */,
				10299EB11F64B5F4007CD17F /* DetailViewController.swift in Sources */,
				10299CF61F60D839007CD17F /* TitleMenuViewController.swift in Sources */,
				10299CDB1F60CEF6007CD17F /* HomeCollectionViewCell.swift in Sources */,
				10299CEE1F60D671007CD17F /* DataManagerKeys.swift in Sources */,
				10299D091F6131D2007CD17F /* UITableView+Resuable.swift in Sources */,
				10299CE21F60CF37007CD17F /* Shot.swift in Sources */,
				10299CFE1F60E118007CD17F /* String+labelSize.swift in Sources */,
				10299D081F6131D2007CD17F /* UICollectionView+Resuable.swift in Sources */,
				10299D0D1F613D06007CD17F /* UIFont+predefine.swift in Sources */,
				10299CDE1F60CF0F007CD17F /* HomeCellViewModel.swift in Sources */,
				10299D0B1F613482007CD17F /* CHTCollectionViewWaterfallLayout.swift in Sources */,
				10299CE41F60CF37007CD17F /* User.swift in Sources */,
			);
			runOnlyForDeploymentPostprocessing = 0;
		};
		10299CAA1F60CC6D007CD17F /* Sources */ = {
			isa = PBXSourcesBuildPhase;
			buildActionMask = 2147483647;
			files = (
				10299CB31F60CC6D007CD17F /* opShotReviseTests.swift in Sources */,
			);
			runOnlyForDeploymentPostprocessing = 0;
		};
		10299CB51F60CC6D007CD17F /* Sources */ = {
			isa = PBXSourcesBuildPhase;
			buildActionMask = 2147483647;
			files = (
				10299CBE1F60CC6D007CD17F /* opShotReviseUITests.swift in Sources */,
			);
			runOnlyForDeploymentPostprocessing = 0;
		};
/* End PBXSourcesBuildPhase section */

/* Begin PBXTargetDependency section */
		10299CB01F60CC6D007CD17F /* PBXTargetDependency */ = {
			isa = PBXTargetDependency;
			target = 10299C991F60CC6D007CD17F /* opShotRevise */;
			targetProxy = 10299CAF1F60CC6D007CD17F /* PBXContainerItemProxy */;
		};
		10299CBB1F60CC6D007CD17F /* PBXTargetDependency */ = {
			isa = PBXTargetDependency;
			target = 10299C991F60CC6D007CD17F /* opShotRevise */;
			targetProxy = 10299CBA1F60CC6D007CD17F /* PBXContainerItemProxy */;
		};
/* End PBXTargetDependency section */

/* Begin PBXVariantGroup section */
		10299CA61F60CC6D007CD17F /* LaunchScreen.storyboard */ = {
			isa = PBXVariantGroup;
			children = (
				10299CA71F60CC6D007CD17F /* Base */,
			);
			name = LaunchScreen.storyboard;
			path = ../..;
			sourceTree = "<group>";
		};
/* End PBXVariantGroup section */

/* Begin XCBuildConfiguration section */
		10299CC01F60CC6D007CD17F /* Debug */ = {
			isa = XCBuildConfiguration;
			buildSettings = {
				ALWAYS_SEARCH_USER_PATHS = NO;
				CLANG_ANALYZER_NONNULL = YES;
				CLANG_ANALYZER_NUMBER_OBJECT_CONVERSION = YES_AGGRESSIVE;
				CLANG_CXX_LANGUAGE_STANDARD = "gnu++0x";
				CLANG_CXX_LIBRARY = "libc++";
				CLANG_ENABLE_MODULES = YES;
				CLANG_ENABLE_OBJC_ARC = YES;
				CLANG_WARN_BOOL_CONVERSION = YES;
				CLANG_WARN_CONSTANT_CONVERSION = YES;
				CLANG_WARN_DIRECT_OBJC_ISA_USAGE = YES_ERROR;
				CLANG_WARN_DOCUMENTATION_COMMENTS = YES;
				CLANG_WARN_EMPTY_BODY = YES;
				CLANG_WARN_ENUM_CONVERSION = YES;
				CLANG_WARN_INFINITE_RECURSION = YES;
				CLANG_WARN_INT_CONVERSION = YES;
				CLANG_WARN_OBJC_ROOT_CLASS = YES_ERROR;
				CLANG_WARN_SUSPICIOUS_MOVE = YES;
				CLANG_WARN_UNREACHABLE_CODE = YES;
				CLANG_WARN__DUPLICATE_METHOD_MATCH = YES;
				"CODE_SIGN_IDENTITY[sdk=iphoneos*]" = "iPhone Developer";
				COPY_PHASE_STRIP = NO;
				DEBUG_INFORMATION_FORMAT = dwarf;
				ENABLE_STRICT_OBJC_MSGSEND = YES;
				ENABLE_TESTABILITY = YES;
				GCC_C_LANGUAGE_STANDARD = gnu99;
				GCC_DYNAMIC_NO_PIC = NO;
				GCC_NO_COMMON_BLOCKS = YES;
				GCC_OPTIMIZATION_LEVEL = 0;
				GCC_PREPROCESSOR_DEFINITIONS = (
					"DEBUG=1",
					"$(inherited)",
				);
				GCC_WARN_64_TO_32_BIT_CONVERSION = YES;
				GCC_WARN_ABOUT_RETURN_TYPE = YES_ERROR;
				GCC_WARN_UNDECLARED_SELECTOR = YES;
				GCC_WARN_UNINITIALIZED_AUTOS = YES_AGGRESSIVE;
				GCC_WARN_UNUSED_FUNCTION = YES;
				GCC_WARN_UNUSED_VARIABLE = YES;
				IPHONEOS_DEPLOYMENT_TARGET = 10.3;
				MTL_ENABLE_DEBUG_INFO = YES;
				ONLY_ACTIVE_ARCH = YES;
				SDKROOT = iphoneos;
				SWIFT_ACTIVE_COMPILATION_CONDITIONS = DEBUG;
				SWIFT_OPTIMIZATION_LEVEL = "-Onone";
			};
			name = Debug;
		};
		10299CC11F60CC6D007CD17F /* Release */ = {
			isa = XCBuildConfiguration;
			buildSettings = {
				ALWAYS_SEARCH_USER_PATHS = NO;
				CLANG_ANALYZER_NONNULL = YES;
				CLANG_ANALYZER_NUMBER_OBJECT_CONVERSION = YES_AGGRESSIVE;
				CLANG_CXX_LANGUAGE_STANDARD = "gnu++0x";
				CLANG_CXX_LIBRARY = "libc++";
				CLANG_ENABLE_MODULES = YES;
				CLANG_ENABLE_OBJC_ARC = YES;
				CLANG_WARN_BOOL_CONVERSION = YES;
				CLANG_WARN_CONSTANT_CONVERSION = YES;
				CLANG_WARN_DIRECT_OBJC_ISA_USAGE = YES_ERROR;
				CLANG_WARN_DOCUMENTATION_COMMENTS = YES;
				CLANG_WARN_EMPTY_BODY = YES;
				CLANG_WARN_ENUM_CONVERSION = YES;
				CLANG_WARN_INFINITE_RECURSION = YES;
				CLANG_WARN_INT_CONVERSION = YES;
				CLANG_WARN_OBJC_ROOT_CLASS = YES_ERROR;
				CLANG_WARN_SUSPICIOUS_MOVE = YES;
				CLANG_WARN_UNREACHABLE_CODE = YES;
				CLANG_WARN__DUPLICATE_METHOD_MATCH = YES;
				"CODE_SIGN_IDENTITY[sdk=iphoneos*]" = "iPhone Developer";
				COPY_PHASE_STRIP = NO;
				DEBUG_INFORMATION_FORMAT = "dwarf-with-dsym";
				ENABLE_NS_ASSERTIONS = NO;
				ENABLE_STRICT_OBJC_MSGSEND = YES;
				GCC_C_LANGUAGE_STANDARD = gnu99;
				GCC_NO_COMMON_BLOCKS = YES;
				GCC_WARN_64_TO_32_BIT_CONVERSION = YES;
				GCC_WARN_ABOUT_RETURN_TYPE = YES_ERROR;
				GCC_WARN_UNDECLARED_SELECTOR = YES;
				GCC_WARN_UNINITIALIZED_AUTOS = YES_AGGRESSIVE;
				GCC_WARN_UNUSED_FUNCTION = YES;
				GCC_WARN_UNUSED_VARIABLE = YES;
				IPHONEOS_DEPLOYMENT_TARGET = 10.3;
				MTL_ENABLE_DEBUG_INFO = NO;
				SDKROOT = iphoneos;
				SWIFT_OPTIMIZATION_LEVEL = "-Owholemodule";
				VALIDATE_PRODUCT = YES;
			};
			name = Release;
		};
		10299CC31F60CC6D007CD17F /* Debug */ = {
			isa = XCBuildConfiguration;
			baseConfigurationReference = 37A254E15086D6EE3342D61A /* Pods-opShotRevise.debug.xcconfig */;
			buildSettings = {
				ASSETCATALOG_COMPILER_APPICON_NAME = AppIcon;
				DEVELOPMENT_TEAM = UE4HZRGDJ7;
				INFOPLIST_FILE = opShotRevise/Info.plist;
				LD_RUNPATH_SEARCH_PATHS = "$(inherited) @executable_path/Frameworks";
				PRODUCT_BUNDLE_IDENTIFIER = "me.ps-li.opShotRevise";
				PRODUCT_NAME = "$(TARGET_NAME)";
				SWIFT_VERSION = 3.0;
			};
			name = Debug;
		};
		10299CC41F60CC6D007CD17F /* Release */ = {
			isa = XCBuildConfiguration;
			baseConfigurationReference = 95923C7B54D8440CC6A7151E /* Pods-opShotRevise.release.xcconfig */;
			buildSettings = {
				ASSETCATALOG_COMPILER_APPICON_NAME = AppIcon;
				DEVELOPMENT_TEAM = UE4HZRGDJ7;
				INFOPLIST_FILE = opShotRevise/Info.plist;
				LD_RUNPATH_SEARCH_PATHS = "$(inherited) @executable_path/Frameworks";
				PRODUCT_BUNDLE_IDENTIFIER = "me.ps-li.opShotRevise";
				PRODUCT_NAME = "$(TARGET_NAME)";
				SWIFT_VERSION = 3.0;
			};
			name = Release;
		};
		10299CC61F60CC6D007CD17F /* Debug */ = {
			isa = XCBuildConfiguration;
			buildSettings = {
				ALWAYS_EMBED_SWIFT_STANDARD_LIBRARIES = YES;
				BUNDLE_LOADER = "$(TEST_HOST)";
				DEVELOPMENT_TEAM = UE4HZRGDJ7;
				INFOPLIST_FILE = opShotReviseTests/Info.plist;
				LD_RUNPATH_SEARCH_PATHS = "$(inherited) @executable_path/Frameworks @loader_path/Frameworks";
				PRODUCT_BUNDLE_IDENTIFIER = "me.ps-li.opShotReviseTests";
				PRODUCT_NAME = "$(TARGET_NAME)";
				SWIFT_VERSION = 3.0;
				TEST_HOST = "$(BUILT_PRODUCTS_DIR)/opShotRevise.app/opShotRevise";
			};
			name = Debug;
		};
		10299CC71F60CC6D007CD17F /* Release */ = {
			isa = XCBuildConfiguration;
			buildSettings = {
				ALWAYS_EMBED_SWIFT_STANDARD_LIBRARIES = YES;
				BUNDLE_LOADER = "$(TEST_HOST)";
				DEVELOPMENT_TEAM = UE4HZRGDJ7;
				INFOPLIST_FILE = opShotReviseTests/Info.plist;
				LD_RUNPATH_SEARCH_PATHS = "$(inherited) @executable_path/Frameworks @loader_path/Frameworks";
				PRODUCT_BUNDLE_IDENTIFIER = "me.ps-li.opShotReviseTests";
				PRODUCT_NAME = "$(TARGET_NAME)";
				SWIFT_VERSION = 3.0;
				TEST_HOST = "$(BUILT_PRODUCTS_DIR)/opShotRevise.app/opShotRevise";
			};
			name = Release;
		};
		10299CC91F60CC6D007CD17F /* Debug */ = {
			isa = XCBuildConfiguration;
			buildSettings = {
				ALWAYS_EMBED_SWIFT_STANDARD_LIBRARIES = YES;
				DEVELOPMENT_TEAM = UE4HZRGDJ7;
				INFOPLIST_FILE = opShotReviseUITests/Info.plist;
				LD_RUNPATH_SEARCH_PATHS = "$(inherited) @executable_path/Frameworks @loader_path/Frameworks";
				PRODUCT_BUNDLE_IDENTIFIER = "me.ps-li.opShotReviseUITests";
				PRODUCT_NAME = "$(TARGET_NAME)";
				SWIFT_VERSION = 3.0;
				TEST_TARGET_NAME = opShotRevise;
			};
			name = Debug;
		};
		10299CCA1F60CC6D007CD17F /* Release */ = {
			isa = XCBuildConfiguration;
			buildSettings = {
				ALWAYS_EMBED_SWIFT_STANDARD_LIBRARIES = YES;
				DEVELOPMENT_TEAM = UE4HZRGDJ7;
				INFOPLIST_FILE = opShotReviseUITests/Info.plist;
				LD_RUNPATH_SEARCH_PATHS = "$(inherited) @executable_path/Frameworks @loader_path/Frameworks";
				PRODUCT_BUNDLE_IDENTIFIER = "me.ps-li.opShotReviseUITests";
				PRODUCT_NAME = "$(TARGET_NAME)";
				SWIFT_VERSION = 3.0;
				TEST_TARGET_NAME = opShotRevise;
			};
			name = Release;
		};
/* End XCBuildConfiguration section */

/* Begin XCConfigurationList section */
		10299C951F60CC6D007CD17F /* Build configuration list for PBXProject "opShotRevise" */ = {
			isa = XCConfigurationList;
			buildConfigurations = (
				10299CC01F60CC6D007CD17F /* Debug */,
				10299CC11F60CC6D007CD17F /* Release */,
			);
			defaultConfigurationIsVisible = 0;
			defaultConfigurationName = Release;
		};
		10299CC21F60CC6D007CD17F /* Build configuration list for PBXNativeTarget "opShotRevise" */ = {
			isa = XCConfigurationList;
			buildConfigurations = (
				10299CC31F60CC6D007CD17F /* Debug */,
				10299CC41F60CC6D007CD17F /* Release */,
			);
			defaultConfigurationIsVisible = 0;
			defaultConfigurationName = Release;
		};
		10299CC51F60CC6D007CD17F /* Build configuration list for PBXNativeTarget "opShotReviseTests" */ = {
			isa = XCConfigurationList;
			buildConfigurations = (
				10299CC61F60CC6D007CD17F /* Debug */,
				10299CC71F60CC6D007CD17F /* Release */,
			);
			defaultConfigurationIsVisible = 0;
			defaultConfigurationName = Release;
		};
		10299CC81F60CC6D007CD17F /* Build configuration list for PBXNativeTarget "opShotReviseUITests" */ = {
			isa = XCConfigurationList;
			buildConfigurations = (
				10299CC91F60CC6D007CD17F /* Debug */,
				10299CCA1F60CC6D007CD17F /* Release */,
			);
			defaultConfigurationIsVisible = 0;
			defaultConfigurationName = Release;
		};
/* End XCConfigurationList section */
	};
	rootObject = 10299C921F60CC6D007CD17F /* Project object */;
}
